
Microsoft Visual Studio Solution File, Format Version 12.00
# Visual Studio Version 17
VisualStudioVersion = 17.0.31912.275
MinimumVisualStudioVersion = 10.0.40219.1
Project("{9A19103F-16F7-4668-BE54-9A1E7A4F7556}") = "View Synchronization Utility", "View Synchronization Utility\View Synchronization Utility.csproj", "{180F997B-0F1F-4CBA-A1C6-E68792A8CBDC}"
EndProject
Project("{2150E333-8FDC-42A3-9474-1A3956D46DE8}") = "Solution Items", "Solution Items", "{BFC78ADF-3F79-438A-8C5F-B11B92A1A841}"
	ProjectSection(SolutionItems) = preProject
		.editorconfig = .editorconfig
	EndProjectSection
EndProject
Global
	GlobalSection(SolutionConfigurationPlatforms) = preSolution
		Debug|Any CPU = Debug|Any CPU
		Release|Any CPU = Release|Any CPU
	EndGlobalSection
	GlobalSection(ProjectConfigurationPlatforms) = postSolution
		{180F997B-0F1F-4CBA-A1C6-E68792A8CBDC}.Debug|Any CPU.ActiveCfg = Debug|Any CPU
		{180F997B-0F1F-4CBA-A1C6-E68792A8CBDC}.Debug|Any CPU.Build.0 = Debug|Any CPU
		{180F997B-0F1F-4CBA-A1C6-E68792A8CBDC}.Release|Any CPU.ActiveCfg = Release|Any CPU
		{180F997B-0F1F-4CBA-A1C6-E68792A8CBDC}.Release|Any CPU.Build.0 = Release|Any CPU
	EndGlobalSection
	GlobalSection(SolutionProperties) = preSolution
		HideSolutionNode = FALSE
	EndGlobalSection
	GlobalSection(ExtensibilityGlobals) = postSolution
		SolutionGuid = {3A8E1215-564C-4BFB-BBE5-B737B8D4B769}
	EndGlobalSection
EndGlobal
